
Microsoft Visual Studio Solution File, Format Version 12.00
# Visual Studio 15
VisualStudioVersion = 15.0.26730.0
MinimumVisualStudioVersion = 10.0.40219.1
Project("{FAE04EC0-301F-11D3-BF4B-00C04F79EFBC}") = "Kata20170803_FindTheParityOutlier", "Kata20170803_FindTheParityOutlier\Kata20170803_FindTheParityOutlier.csproj", "{5EA0BD96-A628-4D8D-B778-2AC871E2A4F2}"
EndProject
Global
	GlobalSection(SolutionConfigurationPlatforms) = preSolution
		Debug|Any CPU = Debug|Any CPU
		Release|Any CPU = Release|Any CPU
	EndGlobalSection
	GlobalSection(ProjectConfigurationPlatforms) = postSolution
		{5EA0BD96-A628-4D8D-B778-2AC871E2A4F2}.Debug|Any CPU.ActiveCfg = Debug|Any CPU
		{5EA0BD96-A628-4D8D-B778-2AC871E2A4F2}.Debug|Any CPU.Build.0 = Debug|Any CPU
		{5EA0BD96-A628-4D8D-B778-2AC871E2A4F2}.Release|Any CPU.ActiveCfg = Release|Any CPU
		{5EA0BD96-A628-4D8D-B778-2AC871E2A4F2}.Release|Any CPU.Build.0 = Release|Any CPU
	EndGlobalSection
	GlobalSection(SolutionProperties) = preSolution
		HideSolutionNode = FALSE
	EndGlobalSection
	GlobalSection(ExtensibilityGlobals) = postSolution
		SolutionGuid = {58C2BB69-2A35-46C8-AB07-7109F538ADC0}
	EndGlobalSection
EndGlobal
